
Microsoft Visual Studio Solution File, Format Version 12.00
# Visual Studio 15
VisualStudioVersion = 15.0.28307.271
MinimumVisualStudioVersion = 10.0.40219.1
Project("{FAE04EC0-301F-11D3-BF4B-00C04F79EFBC}") = "Reactivo3", "Reactivo3\Reactivo3.csproj", "{30848C53-788F-4E2C-91FF-56A82613F683}"
EndProject
Global
	GlobalSection(SolutionConfigurationPlatforms) = preSolution
		Debug|Any CPU = Debug|Any CPU
		Release|Any CPU = Release|Any CPU
	EndGlobalSection
	GlobalSection(ProjectConfigurationPlatforms) = postSolution
		{30848C53-788F-4E2C-91FF-56A82613F683}.Debug|Any CPU.ActiveCfg = Debug|Any CPU
		{30848C53-788F-4E2C-91FF-56A82613F683}.Debug|Any CPU.Build.0 = Debug|Any CPU
		{30848C53-788F-4E2C-91FF-56A82613F683}.Release|Any CPU.ActiveCfg = Release|Any CPU
		{30848C53-788F-4E2C-91FF-56A82613F683}.Release|Any CPU.Build.0 = Release|Any CPU
	EndGlobalSection
	GlobalSection(SolutionProperties) = preSolution
		HideSolutionNode = FALSE
	EndGlobalSection
	GlobalSection(ExtensibilityGlobals) = postSolution
		SolutionGuid = {96FD32A5-6331-43AE-867F-760F61F4CE99}
	EndGlobalSection
EndGlobal
