
Microsoft Visual Studio Solution File, Format Version 12.00
# Visual Studio 15
VisualStudioVersion = 15.0.28307.271
MinimumVisualStudioVersion = 10.0.40219.1
Project("{FAE04EC0-301F-11D3-BF4B-00C04F79EFBC}") = "Reactivo4", "Reactivo4\Reactivo4.csproj", "{17AC051B-BD90-435F-9879-8C0B4109F80B}"
EndProject
Global
	GlobalSection(SolutionConfigurationPlatforms) = preSolution
		Debug|Any CPU = Debug|Any CPU
		Release|Any CPU = Release|Any CPU
	EndGlobalSection
	GlobalSection(ProjectConfigurationPlatforms) = postSolution
		{17AC051B-BD90-435F-9879-8C0B4109F80B}.Debug|Any CPU.ActiveCfg = Debug|Any CPU
		{17AC051B-BD90-435F-9879-8C0B4109F80B}.Debug|Any CPU.Build.0 = Debug|Any CPU
		{17AC051B-BD90-435F-9879-8C0B4109F80B}.Release|Any CPU.ActiveCfg = Release|Any CPU
		{17AC051B-BD90-435F-9879-8C0B4109F80B}.Release|Any CPU.Build.0 = Release|Any CPU
	EndGlobalSection
	GlobalSection(SolutionProperties) = preSolution
		HideSolutionNode = FALSE
	EndGlobalSection
	GlobalSection(ExtensibilityGlobals) = postSolution
		SolutionGuid = {BA36B28B-474A-4D65-9479-45D05CF4B46F}
	EndGlobalSection
EndGlobal
